
Microsoft Visual Studio Solution File, Format Version 12.00
# Visual Studio Version 17
VisualStudioVersion = 17.2.32630.192
MinimumVisualStudioVersion = 10.0.40219.1
Project("{FAE04EC0-301F-11D3-BF4B-00C04F79EFBC}") = "ATMProject", "ATMProject.csproj", "{DF2F9D9B-D61C-4FD7-B351-04BB527119A8}"
EndProject
Global
	GlobalSection(SolutionConfigurationPlatforms) = preSolution
		Debug|Any CPU = Debug|Any CPU
		Release|Any CPU = Release|Any CPU
	EndGlobalSection
	GlobalSection(ProjectConfigurationPlatforms) = postSolution
		{DF2F9D9B-D61C-4FD7-B351-04BB527119A8}.Debug|Any CPU.ActiveCfg = Debug|Any CPU
		{DF2F9D9B-D61C-4FD7-B351-04BB527119A8}.Debug|Any CPU.Build.0 = Debug|Any CPU
		{DF2F9D9B-D61C-4FD7-B351-04BB527119A8}.Release|Any CPU.ActiveCfg = Release|Any CPU
		{DF2F9D9B-D61C-4FD7-B351-04BB527119A8}.Release|Any CPU.Build.0 = Release|Any CPU
	EndGlobalSection
	GlobalSection(SolutionProperties) = preSolution
		HideSolutionNode = FALSE
	EndGlobalSection
	GlobalSection(ExtensibilityGlobals) = postSolution
		SolutionGuid = {22A0D611-A610-4FBE-A64F-89D6352BA095}
	EndGlobalSection
EndGlobal
